
Microsoft Visual Studio Solution File, Format Version 12.00
# Visual Studio Version 17
VisualStudioVersion = 17.5.33103.201
MinimumVisualStudioVersion = 10.0.40219.1
Project("{FAE04EC0-301F-11D3-BF4B-00C04F79EFBC}") = "ColourSwitcher", "ColourSwitcher\ColourSwitcher.csproj", "{F79C2CC7-91EB-4DDE-9A40-5F18D3FB7CF0}"
EndProject
Global
	GlobalSection(SolutionConfigurationPlatforms) = preSolution
		Debug|Any CPU = Debug|Any CPU
		Release|Any CPU = Release|Any CPU
	EndGlobalSection
	GlobalSection(ProjectConfigurationPlatforms) = postSolution
		{F79C2CC7-91EB-4DDE-9A40-5F18D3FB7CF0}.Debug|Any CPU.ActiveCfg = Debug|Any CPU
		{F79C2CC7-91EB-4DDE-9A40-5F18D3FB7CF0}.Debug|Any CPU.Build.0 = Debug|Any CPU
		{F79C2CC7-91EB-4DDE-9A40-5F18D3FB7CF0}.Release|Any CPU.ActiveCfg = Release|Any CPU
		{F79C2CC7-91EB-4DDE-9A40-5F18D3FB7CF0}.Release|Any CPU.Build.0 = Release|Any CPU
	EndGlobalSection
	GlobalSection(SolutionProperties) = preSolution
		HideSolutionNode = FALSE
	EndGlobalSection
	GlobalSection(ExtensibilityGlobals) = postSolution
		SolutionGuid = {7A5269EB-120B-426E-A6A7-2B83D8496826}
	EndGlobalSection
EndGlobal
